
Microsoft Visual Studio Solution File, Format Version 12.00
# Visual Studio 15
VisualStudioVersion = 15.0.27703.2042
MinimumVisualStudioVersion = 10.0.40219.1
Project("{FAE04EC0-301F-11D3-BF4B-00C04F79EFBC}") = "TCPIP客户端", "TCPIP客户端\TCPIP客户端.csproj", "{FADD1E59-A59E-4381-ACB8-649B8B6F15C7}"
EndProject
Global
	GlobalSection(SolutionConfigurationPlatforms) = preSolution
		Debug|Any CPU = Debug|Any CPU
		Release|Any CPU = Release|Any CPU
	EndGlobalSection
	GlobalSection(ProjectConfigurationPlatforms) = postSolution
		{FADD1E59-A59E-4381-ACB8-649B8B6F15C7}.Debug|Any CPU.ActiveCfg = Debug|Any CPU
		{FADD1E59-A59E-4381-ACB8-649B8B6F15C7}.Debug|Any CPU.Build.0 = Debug|Any CPU
		{FADD1E59-A59E-4381-ACB8-649B8B6F15C7}.Release|Any CPU.ActiveCfg = Release|Any CPU
		{FADD1E59-A59E-4381-ACB8-649B8B6F15C7}.Release|Any CPU.Build.0 = Release|Any CPU
	EndGlobalSection
	GlobalSection(SolutionProperties) = preSolution
		HideSolutionNode = FALSE
	EndGlobalSection
	GlobalSection(ExtensibilityGlobals) = postSolution
		SolutionGuid = {9F7B7D05-F21D-4B4D-B7CC-37848E1E06A6}
	EndGlobalSection
EndGlobal
